# Generated by pub
# See http://pub.dartlang.org/doc/glossary.html#lockfile
packages:
  args:
    description: args
    source: hosted
    version: "0.12.0"
  benchmark_harness:
    description: benchmark_harness
    source: hosted
    version: "1.0.4"
  browser:
    description: browser
    source: hosted
    version: "0.10.0+2"
  collection:
    description: collection
    source: hosted
    version: "0.9.4"
  dpid_benchmarking:
    description:
      path: "../packages/benchmarking"
      relative: true
    source: path
    version: "0.0.0"
